GEM
  remote: https://rubygems.org/
  specs:
    addressable (2.8.1)
    colorator (1.1.0)
    concurrent-ruby (1.2.3)
    html-pipeline (2.14.0)
      activesupport (>= 2)
      nokogiri (>= 1.4)
    i18n (1.8.11)
    jekyll (4.2.2)
      addressable (~> 2.4)
      colorator (~> 1.0)
      jekyll-sass-converter (~> 2.0)
      jekyll-watch (~> 2.0)
      kramdown (~> 2.3)
      liquid (~> 4.0)
      pathutil (~> 0.16)
      rouge (~> 3.0)
    jekyll-feed (0.16.0)
      jekyll (>= 3.0)
    jekyll-gist (1.5.0)
      octokit (~> 4.2)
    jekyll-mentions (1.7.0)
      html-pipeline (~> 2.14)
      jekyll (>= 3.0)
    jekyll-sass-converter (2.2.0)
      sassc (~> 2.4)
    jekyll-sitemap (1.4.0)
      jekyll (>= 3.0)
    jekyll-watch (2.2.1)
      listen (~> 3.0)
    kramdown (2.4.0)
    liquid (4.0.3)
    listen (3.7.0)
      rb-fsevent (~> 0.10)
    nokogiri (1.13.10)
    octokit (4.23.0)
      sawyer (~> 0.8.0)
    pathutil (0.16.2)
    rouge (3.30.0)
    sassc (2.4.0)

PLATFORMS
  ruby

DEPENDENCIES
  jekyll (~> 4.2)
  jekyll-feed
  jekyll-gist
  jekyll-mentions
  jekyll-sitemap
  jekyll-watch
  sassc (~> 2.4)

BUNDLED WITH
   2.3.26
